
Microsoft Visual Studio Solution File, Format Version 12.00
# Visual Studio Version 17
VisualStudioVersion = 17.10.34916.146
MinimumVisualStudioVersion = 10.0.40219.1
Project("{FAE04EC0-301F-11D3-BF4B-00C04F79EFBC}") = "Desaisiv", "Desaisiv\Desaisiv.csproj", "{E005977D-2967-49A1-8D3A-B5E016EDE46A}"
EndProject
Global
	GlobalSection(SolutionConfigurationPlatforms) = preSolution
		Debug|Any CPU = Debug|Any CPU
		Release|Any CPU = Release|Any CPU
	EndGlobalSection
	GlobalSection(ProjectConfigurationPlatforms) = postSolution
		{E005977D-2967-49A1-8D3A-B5E016EDE46A}.Debug|Any CPU.ActiveCfg = Debug|Any CPU
		{E005977D-2967-49A1-8D3A-B5E016EDE46A}.Debug|Any CPU.Build.0 = Debug|Any CPU
		{E005977D-2967-49A1-8D3A-B5E016EDE46A}.Release|Any CPU.ActiveCfg = Release|Any CPU
		{E005977D-2967-49A1-8D3A-B5E016EDE46A}.Release|Any CPU.Build.0 = Release|Any CPU
	EndGlobalSection
	GlobalSection(SolutionProperties) = preSolution
		HideSolutionNode = FALSE
	EndGlobalSection
	GlobalSection(ExtensibilityGlobals) = postSolution
		SolutionGuid = {1B848594-F736-4E43-82AD-CD7F340BC772}
	EndGlobalSection
EndGlobal
